{
  "requires": true,
  "lockfileVersion": 1,
  "dependencies": {
    "@angular/material-moment-adapter": {
      "version": "13.2.4",
      "resolved": "https://registry.npmjs.org/@angular/material-moment-adapter/-/material-moment-adapter-13.2.4.tgz",
      "integrity": "sha512-Ux6XR6WolR2T5KpMv0BXQ19qMH4fBdg6bB9AghvsE/BnlKxwkBRgDNVDBv0ivmfCh/f20P6E2MM99z/FWHcEdw==",
      "requires": {
        "tslib": "^2.3.0"
      }
    },
    "@mat-datetimepicker/core": {
      "version": "9.0.33",
      "resolved": "https://registry.npmjs.org/@mat-datetimepicker/core/-/core-9.0.33.tgz",
      "integrity": "sha512-cvxLOTO/0Yj+70vDs4YOQcSS2W4J9hZ2MQ6I2luAH1zs2N+n4eYxp2zHRra5eI8yTySkbgQpNi1Pg2Ux1RzdUQ==",
      "requires": {
        "tslib": "^2.3.0"
      }
    },
    "moment": {
      "version": "2.29.1",
      "resolved": "https://registry.npmjs.org/moment/-/moment-2.29.1.tgz",
      "integrity": "sha512-kHmoybcPV8Sqy59DwNDY3Jefr64lK/by/da0ViFcuA4DH0vQg5Q6Ze5VimxkfQNSC+Mls/Kx53s7TjP1RhFEDQ=="
    },
    "tslib": {
      "version": "2.3.1",
      "resolved": "https://registry.npmjs.org/tslib/-/tslib-2.3.1.tgz",
      "integrity": "sha512-77EbyPPpMz+FRFRuAFlWMtmgUWGe9UOG2Z25NqCwiIjRhOf5iKGuzSe5P2w1laq+FkRy4p+PCuVkJSGkzTEKVw=="
    }
  }
}
